
Microsoft Visual Studio Solution File, Format Version 12.00
Project("{FAE04EC0-301F-11D3-BF4B-00C04F79EFBC}") = "caesar-cipher-print", "caesar-cipher-print\caesar-cipher-print.csproj", "{4D1B9583-8FB3-4C68-BFB6-E8F12449F0DE}"
EndProject
Project("{FAE04EC0-301F-11D3-BF4B-00C04F79EFBC}") = "tests", "tests\tests.csproj", "{16BABAB6-E24B-4FF1-AF6C-B7AB0B175007}"
EndProject
Global
	GlobalSection(SolutionConfigurationPlatforms) = preSolution
		Debug|Any CPU = Debug|Any CPU
		Release|Any CPU = Release|Any CPU
	EndGlobalSection
	GlobalSection(ProjectConfigurationPlatforms) = postSolution
		{4D1B9583-8FB3-4C68-BFB6-E8F12449F0DE}.Debug|Any CPU.ActiveCfg = Debug|Any CPU
		{4D1B9583-8FB3-4C68-BFB6-E8F12449F0DE}.Debug|Any CPU.Build.0 = Debug|Any CPU
		{4D1B9583-8FB3-4C68-BFB6-E8F12449F0DE}.Release|Any CPU.ActiveCfg = Release|Any CPU
		{4D1B9583-8FB3-4C68-BFB6-E8F12449F0DE}.Release|Any CPU.Build.0 = Release|Any CPU
		{2CAA2FA6-C6BB-4FE2-AF17-17B4187543D5}.Debug|Any CPU.ActiveCfg = Debug|Any CPU
		{2CAA2FA6-C6BB-4FE2-AF17-17B4187543D5}.Debug|Any CPU.Build.0 = Debug|Any CPU
		{2CAA2FA6-C6BB-4FE2-AF17-17B4187543D5}.Release|Any CPU.ActiveCfg = Release|Any CPU
		{2CAA2FA6-C6BB-4FE2-AF17-17B4187543D5}.Release|Any CPU.Build.0 = Release|Any CPU
		{16BABAB6-E24B-4FF1-AF6C-B7AB0B175007}.Debug|Any CPU.ActiveCfg = Debug|Any CPU
		{16BABAB6-E24B-4FF1-AF6C-B7AB0B175007}.Debug|Any CPU.Build.0 = Debug|Any CPU
		{16BABAB6-E24B-4FF1-AF6C-B7AB0B175007}.Release|Any CPU.ActiveCfg = Release|Any CPU
		{16BABAB6-E24B-4FF1-AF6C-B7AB0B175007}.Release|Any CPU.Build.0 = Release|Any CPU
	EndGlobalSection
EndGlobal
